# This file is autogenerated, do not edit; changes may be undone by the next 'dep ensure'.


[[projects]]
  digest = "1:3cc2a7c40ee2188ca47722a56bbc28f96366837c11919f56aa0a159712a048e0"
  name = "github.com/urfave/cli"
  packages = ["."]
  pruneopts = ""
  revision = "e6cf83ec39f6e1158ced1927d4ed14578fda8edb"
  version = "v1.21.0"

[solve-meta]
  analyzer-name = "dep"
  analyzer-version = 1
  input-imports = ["github.com/urfave/cli"]
  solver-name = "gps-cdcl"
  solver-version = 1
